
Microsoft Visual Studio Solution File, Format Version 12.00
# Visual Studio Version 17
VisualStudioVersion = 17.0.32002.185
MinimumVisualStudioVersion = 10.0.40219.1
Project("{FAE04EC0-301F-11D3-BF4B-00C04F79EFBC}") = "L12Boss19", "L12Boss19.csproj", "{1F922A6F-320E-4A9D-B7B7-1A33977C88EB}"
EndProject
Global
	GlobalSection(SolutionConfigurationPlatforms) = preSolution
		Debug|Any CPU = Debug|Any CPU
		Release|Any CPU = Release|Any CPU
	EndGlobalSection
	GlobalSection(ProjectConfigurationPlatforms) = postSolution
		{1F922A6F-320E-4A9D-B7B7-1A33977C88EB}.Debug|Any CPU.ActiveCfg = Debug|Any CPU
		{1F922A6F-320E-4A9D-B7B7-1A33977C88EB}.Debug|Any CPU.Build.0 = Debug|Any CPU
		{1F922A6F-320E-4A9D-B7B7-1A33977C88EB}.Release|Any CPU.ActiveCfg = Release|Any CPU
		{1F922A6F-320E-4A9D-B7B7-1A33977C88EB}.Release|Any CPU.Build.0 = Release|Any CPU
	EndGlobalSection
	GlobalSection(SolutionProperties) = preSolution
		HideSolutionNode = FALSE
	EndGlobalSection
	GlobalSection(ExtensibilityGlobals) = postSolution
		SolutionGuid = {9E15AD99-176F-4B5F-815D-8B0EBAF93DB4}
	EndGlobalSection
EndGlobal
